
Microsoft Visual Studio Solution File, Format Version 12.00
# Visual Studio 15
VisualStudioVersion = 15.0.27130.2036
MinimumVisualStudioVersion = 10.0.40219.1
Project("{FAE04EC0-301F-11D3-BF4B-00C04F79EFBC}") = "CacheBot", "CacheBot\CacheBot.csproj", "{4C166B33-FCC5-4B8C-8825-B0AF211A76D8}"
EndProject
Project("{FAE04EC0-301F-11D3-BF4B-00C04F79EFBC}") = "MessageHandler", "MessageHandler\MessageHandler.csproj", "{112BF566-4A33-4CA9-92C5-1B5B24C0511B}"
EndProject
Project("{FAE04EC0-301F-11D3-BF4B-00C04F79EFBC}") = "Messages", "Messages\Messages.csproj", "{CF8F6394-8174-40F3-9D63-C529B65F53CC}"
EndProject
Project("{FAE04EC0-301F-11D3-BF4B-00C04F79EFBC}") = "RedisClient", "RedisClient\RedisClient.csproj", "{0A0E8966-EB7B-43FA-BAA3-15286ACD328A}"
EndProject
Project("{FAE04EC0-301F-11D3-BF4B-00C04F79EFBC}") = "HtmlTemplateCacheClient", "HtmlTemplateCacheClient\HtmlTemplateCacheClient.csproj", "{22F0B47F-1ABC-4AB2-A305-66EC15960814}"
EndProject
Project("{FAE04EC0-301F-11D3-BF4B-00C04F79EFBC}") = "TestHtmlTemplateCache", "TestHtmlTemplateCache\TestHtmlTemplateCache.csproj", "{797B5E82-F989-4513-A5D6-6F1C00B342D7}"
EndProject
Global
	GlobalSection(SolutionConfigurationPlatforms) = preSolution
		Debug|Any CPU = Debug|Any CPU
		Release|Any CPU = Release|Any CPU
	EndGlobalSection
	GlobalSection(ProjectConfigurationPlatforms) = postSolution
		{4C166B33-FCC5-4B8C-8825-B0AF211A76D8}.Debug|Any CPU.ActiveCfg = Debug|Any CPU
		{4C166B33-FCC5-4B8C-8825-B0AF211A76D8}.Debug|Any CPU.Build.0 = Debug|Any CPU
		{4C166B33-FCC5-4B8C-8825-B0AF211A76D8}.Release|Any CPU.ActiveCfg = Release|Any CPU
		{4C166B33-FCC5-4B8C-8825-B0AF211A76D8}.Release|Any CPU.Build.0 = Release|Any CPU
		{112BF566-4A33-4CA9-92C5-1B5B24C0511B}.Debug|Any CPU.ActiveCfg = Debug|Any CPU
		{112BF566-4A33-4CA9-92C5-1B5B24C0511B}.Debug|Any CPU.Build.0 = Debug|Any CPU
		{112BF566-4A33-4CA9-92C5-1B5B24C0511B}.Release|Any CPU.ActiveCfg = Release|Any CPU
		{112BF566-4A33-4CA9-92C5-1B5B24C0511B}.Release|Any CPU.Build.0 = Release|Any CPU
		{CF8F6394-8174-40F3-9D63-C529B65F53CC}.Debug|Any CPU.ActiveCfg = Debug|Any CPU
		{CF8F6394-8174-40F3-9D63-C529B65F53CC}.Debug|Any CPU.Build.0 = Debug|Any CPU
		{CF8F6394-8174-40F3-9D63-C529B65F53CC}.Release|Any CPU.ActiveCfg = Release|Any CPU
		{CF8F6394-8174-40F3-9D63-C529B65F53CC}.Release|Any CPU.Build.0 = Release|Any CPU
		{0A0E8966-EB7B-43FA-BAA3-15286ACD328A}.Debug|Any CPU.ActiveCfg = Debug|Any CPU
		{0A0E8966-EB7B-43FA-BAA3-15286ACD328A}.Debug|Any CPU.Build.0 = Debug|Any CPU
		{0A0E8966-EB7B-43FA-BAA3-15286ACD328A}.Release|Any CPU.ActiveCfg = Release|Any CPU
		{0A0E8966-EB7B-43FA-BAA3-15286ACD328A}.Release|Any CPU.Build.0 = Release|Any CPU
		{22F0B47F-1ABC-4AB2-A305-66EC15960814}.Debug|Any CPU.ActiveCfg = Debug|Any CPU
		{22F0B47F-1ABC-4AB2-A305-66EC15960814}.Debug|Any CPU.Build.0 = Debug|Any CPU
		{22F0B47F-1ABC-4AB2-A305-66EC15960814}.Release|Any CPU.ActiveCfg = Release|Any CPU
		{22F0B47F-1ABC-4AB2-A305-66EC15960814}.Release|Any CPU.Build.0 = Release|Any CPU
		{797B5E82-F989-4513-A5D6-6F1C00B342D7}.Debug|Any CPU.ActiveCfg = Debug|Any CPU
		{797B5E82-F989-4513-A5D6-6F1C00B342D7}.Debug|Any CPU.Build.0 = Debug|Any CPU
		{797B5E82-F989-4513-A5D6-6F1C00B342D7}.Release|Any CPU.ActiveCfg = Release|Any CPU
		{797B5E82-F989-4513-A5D6-6F1C00B342D7}.Release|Any CPU.Build.0 = Release|Any CPU
	EndGlobalSection
	GlobalSection(SolutionProperties) = preSolution
		HideSolutionNode = FALSE
	EndGlobalSection
	GlobalSection(ExtensibilityGlobals) = postSolution
		SolutionGuid = {41D49A3A-8668-4CA3-A4E0-2374B49355D0}
	EndGlobalSection
EndGlobal
